
Microsoft Visual Studio Solution File, Format Version 12.00
# Visual Studio 15
VisualStudioVersion = 15.0.26730.16
MinimumVisualStudioVersion = 10.0.40219.1
Project("{FAE04EC0-301F-11D3-BF4B-00C04F79EFBC}") = "ZenithWebSite", "ZenithWebSite\ZenithWebSite.csproj", "{43175C20-EBA8-494A-9FAF-3A9678FAE2EC}"
EndProject
Project("{FAE04EC0-301F-11D3-BF4B-00C04F79EFBC}") = "ZenithDataLib", "ZenithDataLib\ZenithDataLib.csproj", "{68BBCF25-B4FE-465E-A98C-505F47783409}"
EndProject
Global
	GlobalSection(SolutionConfigurationPlatforms) = preSolution
		Debug|Any CPU = Debug|Any CPU
		Release|Any CPU = Release|Any CPU
	EndGlobalSection
	GlobalSection(ProjectConfigurationPlatforms) = postSolution
		{43175C20-EBA8-494A-9FAF-3A9678FAE2EC}.Debug|Any CPU.ActiveCfg = Debug|Any CPU
		{43175C20-EBA8-494A-9FAF-3A9678FAE2EC}.Debug|Any CPU.Build.0 = Debug|Any CPU
		{43175C20-EBA8-494A-9FAF-3A9678FAE2EC}.Release|Any CPU.ActiveCfg = Release|Any CPU
		{43175C20-EBA8-494A-9FAF-3A9678FAE2EC}.Release|Any CPU.Build.0 = Release|Any CPU
		{68BBCF25-B4FE-465E-A98C-505F47783409}.Debug|Any CPU.ActiveCfg = Debug|Any CPU
		{68BBCF25-B4FE-465E-A98C-505F47783409}.Debug|Any CPU.Build.0 = Debug|Any CPU
		{68BBCF25-B4FE-465E-A98C-505F47783409}.Release|Any CPU.ActiveCfg = Release|Any CPU
		{68BBCF25-B4FE-465E-A98C-505F47783409}.Release|Any CPU.Build.0 = Release|Any CPU
	EndGlobalSection
	GlobalSection(SolutionProperties) = preSolution
		HideSolutionNode = FALSE
	EndGlobalSection
	GlobalSection(ExtensibilityGlobals) = postSolution
		SolutionGuid = {2779D6BF-41A1-4D97-BC30-1DECE26B8053}
	EndGlobalSection
EndGlobal
